PODS:
  - Alamofire (4.8.2)
  - Charts (3.5.0):
    - Charts/Core (= 3.5.0)
  - Charts/Core (3.5.0)
  - Kingfisher (5.14.0):
    - Kingfisher/Core (= 5.14.0)
  - Kingfisher/Core (5.14.0)
  - lottie-ios (3.1.8)

DEPENDENCIES:
  - Alamofire (~> 4.8.2)
  - Charts
  - Kingfisher (~> 5.0)
  - lottie-ios

SPEC REPOS:
  trunk:
    - Alamofire
    - Charts
    - Kingfisher
    - lottie-ios

SPEC CHECKSUMS:
  Alamofire: ae5c501addb7afdbb13687d7f2f722c78734c2d3
  Charts: 40a08591df1f8ad5c223ddedfb1a06da92f24f7c
  Kingfisher: 7b64389a43139c903ec434788344c288217c792d
  lottie-ios: 48fac6be217c76937e36e340e2d09cf7b10b7f5f

PODFILE CHECKSUM: 7987bde3279c01fab23834d3da8f963e79dfd521

COCOAPODS: 1.9.1
