// !$*UTF8*$!
{
	archiveVersion = 1;
	classes = {
	};
	objectVersion = 51;
	objects = {

/* Begin PBXBuildFile section */
		0EB0CF3124B0FC09009B089A /* HomeVC.swift in Sources */ = {isa = PBXBuildFile; fileRef = 0EB0CF3024B0FC09009B089A /* HomeVC.swift */; };
		0EB0CF4124B199F0009B089A /* Font.swift in Sources */ = {isa = PBXBuildFile; fileRef = 0EB0CF4024B199F0009B089A /* Font.swift */; };

		
		3357D7A324B2CC2F002FF1EF /* IvGraphVC.swift in Sources */ = {isa = PBXBuildFile; fileRef = 3357D7A224B2CC2F002FF1EF /* IvGraphVC.swift */; };

		3357D7A824B3251F002FF1EF /* CalendarCVCell.swift in Sources */ = {isa = PBXBuildFile; fileRef = 3357D7A724B3251F002FF1EF /* CalendarCVCell.swift */; };
		3357D7AA24B36089002FF1EF /* DayInformation.swift in Sources */ = {isa = PBXBuildFile; fileRef = 3357D7A924B36089002FF1EF /* DayInformation.swift */; };
		3357D7AF24B39A96002FF1EF /* IvGraphTVCell.swift in Sources */ = {isa = PBXBuildFile; fileRef = 3357D7AE24B39A96002FF1EF /* IvGraphTVCell.swift */; };
		3357D7B124B39D34002FF1EF /* ItemInformation.swift in Sources */ = {isa = PBXBuildFile; fileRef = 3357D7B024B39D34002FF1EF /* ItemInformation.swift */; };

		0EB0CF9424B383A2009B089A /* RightCVCell.swift in Sources */ = {isa = PBXBuildFile; fileRef = 0EB0CF9324B383A2009B089A /* RightCVCell.swift */; };
		33D946ED24AC607400B6AF18 /* IvGraph.storyboard in Resources */ = {isa = PBXBuildFile; fileRef = 33D946EC24AC607400B6AF18 /* IvGraph.storyboard */; };
		835BB1C6AB5B985356487D10 /* Pods_inventorybox_iOS.framework in Frameworks */ = {isa = PBXBuildFile; fileRef = AE08073AA3D12F1B5BD0A772 /* Pods_inventorybox_iOS.framework */; };
		D40D75D024B323F500534230 /* IvRecordCategoryEdit.storyboard in Resources */ = {isa = PBXBuildFile; fileRef = D40D75CF24B323F500534230 /* IvRecordCategoryEdit.storyboard */; };
		D40D75D224B3244200534230 /* IvRecordAddProduct.storyboard in Resources */ = {isa = PBXBuildFile; fileRef = D40D75D124B3244200534230 /* IvRecordAddProduct.storyboard */; };
		D410992A24B07879007CAAB9 /* CustomTextField.swift in Sources */ = {isa = PBXBuildFile; fileRef = D410992924B07879007CAAB9 /* CustomTextField.swift */; };
		D410992C24B08375007CAAB9 /* UIColorExtension.swift in Sources */ = {isa = PBXBuildFile; fileRef = D410992B24B08375007CAAB9 /* UIColorExtension.swift */; };
		D4260EF624B1744100CAA41B /* InventoryCell.swift in Sources */ = {isa = PBXBuildFile; fileRef = D4260EF524B1744100CAA41B /* InventoryCell.swift */; };
		D4417A9A24B350E4003E72EC /* IvRecordCategoryEditVC.swift in Sources */ = {isa = PBXBuildFile; fileRef = D4417A9924B350E4003E72EC /* IvRecordCategoryEditVC.swift */; };
		D4417A9C24B35C72003E72EC /* InventoryCategoryEditCell.swift in Sources */ = {isa = PBXBuildFile; fileRef = D4417A9B24B35C72003E72EC /* InventoryCategoryEditCell.swift */; };
		D4535A3724B2F78B000A67EF /* TabBarVC.swift in Sources */ = {isa = PBXBuildFile; fileRef = D4535A3624B2F78B000A67EF /* TabBarVC.swift */; };
		D46236C624ADBC950005A277 /* IvRecordVC.swift in Sources */ = {isa = PBXBuildFile; fileRef = D46236C524ADBC950005A277 /* IvRecordVC.swift */; };
		D48417AC24AC55EB0064EE64 /* AppDelegate.swift in Sources */ = {isa = PBXBuildFile; fileRef = D48417AB24AC55EB0064EE64 /* AppDelegate.swift */; };
		D48417AE24AC55EB0064EE64 /* SceneDelegate.swift in Sources */ = {isa = PBXBuildFile; fileRef = D48417AD24AC55EB0064EE64 /* SceneDelegate.swift */; };
		D48417B024AC55EB0064EE64 /* ViewController.swift in Sources */ = {isa = PBXBuildFile; fileRef = D48417AF24AC55EB0064EE64 /* ViewController.swift */; };
		D48417B324AC55EB0064EE64 /* Main.storyboard in Resources */ = {isa = PBXBuildFile; fileRef = D48417B124AC55EB0064EE64 /* Main.storyboard */; };
		D48417B524AC55EC0064EE64 /* Assets.xcassets in Resources */ = {isa = PBXBuildFile; fileRef = D48417B424AC55EC0064EE64 /* Assets.xcassets */; };
		D48417B824AC55EC0064EE64 /* LaunchScreen.storyboard in Resources */ = {isa = PBXBuildFile; fileRef = D48417B624AC55EC0064EE64 /* LaunchScreen.storyboard */; };
		D4B697B924B37E94004DA305 /* TTGTextTagCollectionViewExtension.swift in Sources */ = {isa = PBXBuildFile; fileRef = D4B697B824B37E94004DA305 /* TTGTextTagCollectionViewExtension.swift */; };
		D4B697BB24B3C4E7004DA305 /* IvTodayRecord.storyboard in Resources */ = {isa = PBXBuildFile; fileRef = D4B697BA24B3C4E7004DA305 /* IvTodayRecord.storyboard */; };
		D4B697BD24B3C546004DA305 /* IvTodayRecordVC.swift in Sources */ = {isa = PBXBuildFile; fileRef = D4B697BC24B3C546004DA305 /* IvTodayRecordVC.swift */; };
		D4B697BF24B3C566004DA305 /* InventoryTodayRecordCell.swift in Sources */ = {isa = PBXBuildFile; fileRef = D4B697BE24B3C566004DA305 /* InventoryTodayRecordCell.swift */; };
		D4C4446F24AD9B2800CCF1C7 /* IvRecord.storyboard in Resources */ = {isa = PBXBuildFile; fileRef = D4C4446E24AD9B2800CCF1C7 /* IvRecord.storyboard */; };
		D4E7A3F224B45070001C015A /* InventoryInformation.swift in Sources */ = {isa = PBXBuildFile; fileRef = D4E7A3F124B45070001C015A /* InventoryInformation.swift */; };
		D4E7A3F324B450C8001C015A /* orderCheckTVCInfo.swift in Sources */ = {isa = PBXBuildFile; fileRef = 0EB0CF8F24B35C93009B089A /* orderCheckTVCInfo.swift */; };
		D4E7A3F424B450CB001C015A /* orderCheckCVCInfo.swift in Sources */ = {isa = PBXBuildFile; fileRef = 0EB0CF9524B38697009B089A /* orderCheckCVCInfo.swift */; };
		D4E7A3F524B450E8001C015A /* HeaderCell.swift in Sources */ = {isa = PBXBuildFile; fileRef = D4260EFB24B17AB500CAA41B /* HeaderCell.swift */; };
		D4E7A3F624B450ED001C015A /* HomeTVCell.swift in Sources */ = {isa = PBXBuildFile; fileRef = 0EB0CF8D24B35547009B089A /* HomeTVCell.swift */; };
		D4E7A3F724B450F0001C015A /* LeftCVCell.swift in Sources */ = {isa = PBXBuildFile; fileRef = 0EB0CF9124B38380009B089A /* LeftCVCell.swift */; };
		D4E7A3F824B452A0001C015A /* Homes.storyboard in Resources */ = {isa = PBXBuildFile; fileRef = 0EB0CF8B24B32647009B089A /* Homes.storyboard */; };
/* End PBXBuildFile section */

/* Begin PBXFileReference section */
		0EB0CF3024B0FC09009B089A /* HomeVC.swift */ = {isa = PBXFileReference; lastKnownFileType = sourcecode.swift; path = HomeVC.swift; sourceTree = "<group>"; };
		0EB0CF4024B199F0009B089A /* Font.swift */ = {isa = PBXFileReference; lastKnownFileType = sourcecode.swift; path = Font.swift; sourceTree = "<group>"; };
		0EB0CF6424B1A17C009B089A /* Roboto-BoldItalic.ttf */ = {isa = PBXFileReference; lastKnownFileType = file; path = "Roboto-BoldItalic.ttf"; sourceTree = "<group>"; };
		0EB0CF6524B1A17C009B089A /* Roboto-Regular.ttf */ = {isa = PBXFileReference; lastKnownFileType = file; path = "Roboto-Regular.ttf"; sourceTree = "<group>"; };
		0EB0CF6624B1A17C009B089A /* Roboto-ThinItalic.ttf */ = {isa = PBXFileReference; lastKnownFileType = file; path = "Roboto-ThinItalic.ttf"; sourceTree = "<group>"; };
		0EB0CF6724B1A17C009B089A /* Roboto-Black.ttf */ = {isa = PBXFileReference; lastKnownFileType = file; path = "Roboto-Black.ttf"; sourceTree = "<group>"; };
		0EB0CF6824B1A17C009B089A /* Roboto-Medium.ttf */ = {isa = PBXFileReference; lastKnownFileType = file; path = "Roboto-Medium.ttf"; sourceTree = "<group>"; };
		0EB0CF6924B1A17C009B089A /* Roboto-Light.ttf */ = {isa = PBXFileReference; lastKnownFileType = file; path = "Roboto-Light.ttf"; sourceTree = "<group>"; };
		0EB0CF6A24B1A17C009B089A /* Roboto-LightItalic.ttf */ = {isa = PBXFileReference; lastKnownFileType = file; path = "Roboto-LightItalic.ttf"; sourceTree = "<group>"; };
		0EB0CF6B24B1A17D009B089A /* Roboto-MediumItalic.ttf */ = {isa = PBXFileReference; lastKnownFileType = file; path = "Roboto-MediumItalic.ttf"; sourceTree = "<group>"; };
		0EB0CF6C24B1A17D009B089A /* Roboto-Thin.ttf */ = {isa = PBXFileReference; lastKnownFileType = file; path = "Roboto-Thin.ttf"; sourceTree = "<group>"; };
		0EB0CF6D24B1A17D009B089A /* Roboto-CondensedItalic.ttf */ = {isa = PBXFileReference; lastKnownFileType = file; path = "Roboto-CondensedItalic.ttf"; sourceTree = "<group>"; };
		0EB0CF6E24B1A17D009B089A /* Roboto-Italic.ttf */ = {isa = PBXFileReference; lastKnownFileType = file; path = "Roboto-Italic.ttf"; sourceTree = "<group>"; };
		0EB0CF6F24B1A17D009B089A /* Roboto-Condensed.ttf */ = {isa = PBXFileReference; lastKnownFileType = file; path = "Roboto-Condensed.ttf"; sourceTree = "<group>"; };
		0EB0CF7024B1A17D009B089A /* Roboto-Bold.ttf */ = {isa = PBXFileReference; lastKnownFileType = file; path = "Roboto-Bold.ttf"; sourceTree = "<group>"; };
		0EB0CF7124B1A17D009B089A /* Roboto-BoldCondensed.ttf */ = {isa = PBXFileReference; lastKnownFileType = file; path = "Roboto-BoldCondensed.ttf"; sourceTree = "<group>"; };
		0EB0CF7224B1A17D009B089A /* Roboto-BlackItalic.ttf */ = {isa = PBXFileReference; lastKnownFileType = file; path = "Roboto-BlackItalic.ttf"; sourceTree = "<group>"; };
		0EB0CF7324B1A17D009B089A /* Roboto-BoldCondensedItalic.ttf */ = {isa = PBXFileReference; lastKnownFileType = file; path = "Roboto-BoldCondensedItalic.ttf"; sourceTree = "<group>"; };
		0EB0CF7924B2CF24009B089A /* NanumSquareB.ttf */ = {isa = PBXFileReference; lastKnownFileType = file; name = NanumSquareB.ttf; path = ../../../../../../../../Downloads/NanumSquareB/NanumSquareB.ttf; sourceTree = "<group>"; };
		0EB0CF7B24B2CF25009B089A /* NanumSquareL.ttf */ = {isa = PBXFileReference; lastKnownFileType = file; name = NanumSquareL.ttf; path = ../../../../../../../../Downloads/NanumSquareB/NanumSquareL.ttf; sourceTree = "<group>"; };
		0EB0CF7C24B2CF25009B089A /* NanumSquareR.ttf */ = {isa = PBXFileReference; lastKnownFileType = file; name = NanumSquareR.ttf; path = ../../../../../../../../Downloads/NanumSquareB/NanumSquareR.ttf; sourceTree = "<group>"; };
		0EB0CF8124B2D003009B089A /* 12롯데마트행복Medium.ttf */ = {isa = PBXFileReference; lastKnownFileType = file; name = "12롯데마트행복Medium.ttf"; path = "../../../../../../../../Downloads/12롯데마트행복Medium.ttf"; sourceTree = "<group>"; };
		0EB0CF8B24B32647009B089A /* Homes.storyboard */ = {isa = PBXFileReference; lastKnownFileType = file.storyboard; path = Homes.storyboard; sourceTree = "<group>"; };
		0EB0CF8D24B35547009B089A /* HomeTVCell.swift */ = {isa = PBXFileReference; lastKnownFileType = sourcecode.swift; path = HomeTVCell.swift; sourceTree = "<group>"; };
		0EB0CF8F24B35C93009B089A /* orderCheckTVCInfo.swift */ = {isa = PBXFileReference; lastKnownFileType = sourcecode.swift; name = orderCheckTVCInfo.swift; path = inventorybox_iOS/Sources/Cells/HomeCell/orderCheckTVCInfo.swift; sourceTree = SOURCE_ROOT; };
		0EB0CF9124B38380009B089A /* LeftCVCell.swift */ = {isa = PBXFileReference; lastKnownFileType = sourcecode.swift; path = LeftCVCell.swift; sourceTree = "<group>"; };
		0EB0CF9324B383A2009B089A /* RightCVCell.swift */ = {isa = PBXFileReference; lastKnownFileType = sourcecode.swift; path = RightCVCell.swift; sourceTree = "<group>"; };
		0EB0CF9524B38697009B089A /* orderCheckCVCInfo.swift */ = {isa = PBXFileReference; lastKnownFileType = sourcecode.swift; name = orderCheckCVCInfo.swift; path = inventorybox_iOS/Sources/Cells/HomeCell/orderCheckCVCInfo.swift; sourceTree = SOURCE_ROOT; };
		259D942EF3AD67CA14551AA6 /* Pods-inventorybox_iOS.release.xcconfig */ = {isa = PBXFileReference; includeInIndex = 1; lastKnownFileType = text.xcconfig; name = "Pods-inventorybox_iOS.release.xcconfig"; path = "Target Support Files/Pods-inventorybox_iOS/Pods-inventorybox_iOS.release.xcconfig"; sourceTree = "<group>"; };
		3357D7A224B2CC2F002FF1EF /* IvGraphVC.swift */ = {isa = PBXFileReference; lastKnownFileType = sourcecode.swift; path = IvGraphVC.swift; sourceTree = "<group>"; };
		3357D7A724B3251F002FF1EF /* CalendarCVCell.swift */ = {isa = PBXFileReference; lastKnownFileType = sourcecode.swift; path = CalendarCVCell.swift; sourceTree = "<group>"; };
		3357D7A924B36089002FF1EF /* DayInformation.swift */ = {isa = PBXFileReference; lastKnownFileType = sourcecode.swift; path = DayInformation.swift; sourceTree = "<group>"; };
		3357D7AE24B39A96002FF1EF /* IvGraphTVCell.swift */ = {isa = PBXFileReference; lastKnownFileType = sourcecode.swift; path = IvGraphTVCell.swift; sourceTree = "<group>"; };
		3357D7B024B39D34002FF1EF /* ItemInformation.swift */ = {isa = PBXFileReference; lastKnownFileType = sourcecode.swift; path = ItemInformation.swift; sourceTree = "<group>"; };
		33D946EC24AC607400B6AF18 /* IvGraph.storyboard */ = {isa = PBXFileReference; lastKnownFileType = file.storyboard; path = IvGraph.storyboard; sourceTree = "<group>"; };
		A2BBD430802410DD2BDC2011 /* Pods-inventorybox_iOS.debug.xcconfig */ = {isa = PBXFileReference; includeInIndex = 1; lastKnownFileType = text.xcconfig; name = "Pods-inventorybox_iOS.debug.xcconfig"; path = "Target Support Files/Pods-inventorybox_iOS/Pods-inventorybox_iOS.debug.xcconfig"; sourceTree = "<group>"; };
		AE08073AA3D12F1B5BD0A772 /* Pods_inventorybox_iOS.framework */ = {isa = PBXFileReference; explicitFileType = wrapper.framework; includeInIndex = 0; path = Pods_inventorybox_iOS.framework; sourceTree = BUILT_PRODUCTS_DIR; };
		D40D75CF24B323F500534230 /* IvRecordCategoryEdit.storyboard */ = {isa = PBXFileReference; lastKnownFileType = file.storyboard; path = IvRecordCategoryEdit.storyboard; sourceTree = "<group>"; };
		D40D75D124B3244200534230 /* IvRecordAddProduct.storyboard */ = {isa = PBXFileReference; lastKnownFileType = file.storyboard; path = IvRecordAddProduct.storyboard; sourceTree = "<group>"; };
		D410992924B07879007CAAB9 /* CustomTextField.swift */ = {isa = PBXFileReference; lastKnownFileType = sourcecode.swift; path = CustomTextField.swift; sourceTree = "<group>"; };
		D410992B24B08375007CAAB9 /* UIColorExtension.swift */ = {isa = PBXFileReference; lastKnownFileType = sourcecode.swift; path = UIColorExtension.swift; sourceTree = "<group>"; };
		D4260EF524B1744100CAA41B /* InventoryCell.swift */ = {isa = PBXFileReference; lastKnownFileType = sourcecode.swift; path = InventoryCell.swift; sourceTree = "<group>"; };
		D4260EF924B175BE00CAA41B /* InventoryInformation.swift */ = {isa = PBXFileReference; lastKnownFileType = sourcecode.swift; path = InventoryInformation.swift; sourceTree = "<group>"; };
		D4260EFB24B17AB500CAA41B /* HeaderCell.swift */ = {isa = PBXFileReference; lastKnownFileType = sourcecode.swift; path = HeaderCell.swift; sourceTree = "<group>"; };
		D4417A9924B350E4003E72EC /* IvRecordCategoryEditVC.swift */ = {isa = PBXFileReference; lastKnownFileType = sourcecode.swift; name = IvRecordCategoryEditVC.swift; path = inventorybox_iOS/Resources/Storyboards/IvRecordCategoryEditVC.swift; sourceTree = SOURCE_ROOT; };
		D4417A9B24B35C72003E72EC /* InventoryCategoryEditCell.swift */ = {isa = PBXFileReference; lastKnownFileType = sourcecode.swift; path = InventoryCategoryEditCell.swift; sourceTree = "<group>"; };
		D4535A3624B2F78B000A67EF /* TabBarVC.swift */ = {isa = PBXFileReference; lastKnownFileType = sourcecode.swift; path = TabBarVC.swift; sourceTree = "<group>"; };
		D46236C524ADBC950005A277 /* IvRecordVC.swift */ = {isa = PBXFileReference; lastKnownFileType = sourcecode.swift; path = IvRecordVC.swift; sourceTree = "<group>"; };
		D48417A824AC55EB0064EE64 /* inventorybox_iOS.app */ = {isa = PBXFileReference; explicitFileType = wrapper.application; includeInIndex = 0; path = inventorybox_iOS.app; sourceTree = BUILT_PRODUCTS_DIR; };
		D48417AB24AC55EB0064EE64 /* AppDelegate.swift */ = {isa = PBXFileReference; lastKnownFileType = sourcecode.swift; path = AppDelegate.swift; sourceTree = "<group>"; };
		D48417AD24AC55EB0064EE64 /* SceneDelegate.swift */ = {isa = PBXFileReference; lastKnownFileType = sourcecode.swift; path = SceneDelegate.swift; sourceTree = "<group>"; };
		D48417AF24AC55EB0064EE64 /* ViewController.swift */ = {isa = PBXFileReference; lastKnownFileType = sourcecode.swift; path = ViewController.swift; sourceTree = "<group>"; };
		D48417B224AC55EB0064EE64 /* Base */ = {isa = PBXFileReference; lastKnownFileType = file.storyboard; name = Base; path = Base.lproj/Main.storyboard; sourceTree = "<group>"; };
		D48417B424AC55EC0064EE64 /* Assets.xcassets */ = {isa = PBXFileReference; lastKnownFileType = folder.assetcatalog; path = Assets.xcassets; sourceTree = "<group>"; };
		D48417B724AC55EC0064EE64 /* Base */ = {isa = PBXFileReference; lastKnownFileType = file.storyboard; name = Base; path = Base.lproj/LaunchScreen.storyboard; sourceTree = "<group>"; };
		D48417B924AC55EC0064EE64 /* Info.plist */ = {isa = PBXFileReference; lastKnownFileType = text.plist.xml; path = Info.plist; sourceTree = "<group>"; };
		D4B697B824B37E94004DA305 /* TTGTextTagCollectionViewExtension.swift */ = {isa = PBXFileReference; lastKnownFileType = sourcecode.swift; name = TTGTextTagCollectionViewExtension.swift; path = inventorybox_iOS/Sources/VCs/TTGTextTagCollectionViewExtension.swift; sourceTree = SOURCE_ROOT; };
		D4B697BA24B3C4E7004DA305 /* IvTodayRecord.storyboard */ = {isa = PBXFileReference; lastKnownFileType = file.storyboard; path = IvTodayRecord.storyboard; sourceTree = "<group>"; };
		D4B697BC24B3C546004DA305 /* IvTodayRecordVC.swift */ = {isa = PBXFileReference; lastKnownFileType = sourcecode.swift; name = IvTodayRecordVC.swift; path = inventorybox_iOS/Resources/Storyboards/IvTodayRecordVC.swift; sourceTree = SOURCE_ROOT; };
		D4B697BE24B3C566004DA305 /* InventoryTodayRecordCell.swift */ = {isa = PBXFileReference; lastKnownFileType = sourcecode.swift; path = InventoryTodayRecordCell.swift; sourceTree = "<group>"; };
		D4C4446E24AD9B2800CCF1C7 /* IvRecord.storyboard */ = {isa = PBXFileReference; lastKnownFileType = file.storyboard; path = IvRecord.storyboard; sourceTree = "<group>"; };
		D4E7A3F124B45070001C015A /* InventoryInformation.swift */ = {isa = PBXFileReference; fileEncoding = 4; lastKnownFileType = sourcecode.swift; path = InventoryInformation.swift; sourceTree = "<group>"; };
/* End PBXFileReference section */

/* Begin PBXFrameworksBuildPhase section */
		D48417A524AC55EB0064EE64 /* Frameworks */ = {
			isa = PBXFrameworksBuildPhase;
			buildActionMask = 2147483647;
			files = (
				835BB1C6AB5B985356487D10 /* Pods_inventorybox_iOS.framework in Frameworks */,
			);
			runOnlyForDeploymentPostprocessing = 0;
		};
/* End PBXFrameworksBuildPhase section */

/* Begin PBXGroup section */
		0E66A4B724B4447C00E76683 /* Recovered References */ = {
			isa = PBXGroup;
			children = (
				D4260EF924B175BE00CAA41B /* InventoryInformation.swift */,
			);
			name = "Recovered References";
			sourceTree = "<group>";
		};
		0EB0CF4224B19FA8009B089A /* Fonts */ = {
			isa = PBXGroup;
			children = (
				0EB0CF6324B1A15B009B089A /* groups */,
				0EB0CF4024B199F0009B089A /* Font.swift */,
			);
			path = Fonts;
			sourceTree = "<group>";
		};
		0EB0CF6324B1A15B009B089A /* groups */ = {
			isa = PBXGroup;
			children = (
				0EB0CF8124B2D003009B089A /* 12롯데마트행복Medium.ttf */,
				0EB0CF7924B2CF24009B089A /* NanumSquareB.ttf */,
				0EB0CF7B24B2CF25009B089A /* NanumSquareL.ttf */,
				0EB0CF7C24B2CF25009B089A /* NanumSquareR.ttf */,
				0EB0CF6724B1A17C009B089A /* Roboto-Black.ttf */,
				0EB0CF7224B1A17D009B089A /* Roboto-BlackItalic.ttf */,
				0EB0CF7024B1A17D009B089A /* Roboto-Bold.ttf */,
				0EB0CF7124B1A17D009B089A /* Roboto-BoldCondensed.ttf */,
				0EB0CF7324B1A17D009B089A /* Roboto-BoldCondensedItalic.ttf */,
				0EB0CF6424B1A17C009B089A /* Roboto-BoldItalic.ttf */,
				0EB0CF6F24B1A17D009B089A /* Roboto-Condensed.ttf */,
				0EB0CF6D24B1A17D009B089A /* Roboto-CondensedItalic.ttf */,
				0EB0CF6E24B1A17D009B089A /* Roboto-Italic.ttf */,
				0EB0CF6924B1A17C009B089A /* Roboto-Light.ttf */,
				0EB0CF6A24B1A17C009B089A /* Roboto-LightItalic.ttf */,
				0EB0CF6824B1A17C009B089A /* Roboto-Medium.ttf */,
				0EB0CF6B24B1A17D009B089A /* Roboto-MediumItalic.ttf */,
				0EB0CF6524B1A17C009B089A /* Roboto-Regular.ttf */,
				0EB0CF6C24B1A17D009B089A /* Roboto-Thin.ttf */,
				0EB0CF6624B1A17C009B089A /* Roboto-ThinItalic.ttf */,
			);
			path = groups;
			sourceTree = "<group>";
		};
		0EB0CF7824B1D40F009B089A /* HomeCell */ = {
			isa = PBXGroup;
			children = (
				0EB0CF8D24B35547009B089A /* HomeTVCell.swift */,
				0EB0CF9124B38380009B089A /* LeftCVCell.swift */,
				0EB0CF9324B383A2009B089A /* RightCVCell.swift */,
			);
			path = HomeCell;
			sourceTree = "<group>";
		};
		3357D7A624B324D6002FF1EF /* GraphCell */ = {
			isa = PBXGroup;
			children = (
				3357D7B024B39D34002FF1EF /* ItemInformation.swift */,
				3357D7AE24B39A96002FF1EF /* IvGraphTVCell.swift */,
				3357D7A724B3251F002FF1EF /* CalendarCVCell.swift */,
				3357D7A924B36089002FF1EF /* DayInformation.swift */,
			);
			path = GraphCell;
			sourceTree = "<group>";
		};
		4426A8487749DF3A2003ABA2 /* Pods */ = {
			isa = PBXGroup;
			children = (
				A2BBD430802410DD2BDC2011 /* Pods-inventorybox_iOS.debug.xcconfig */,
				259D942EF3AD67CA14551AA6 /* Pods-inventorybox_iOS.release.xcconfig */,
			);
			path = Pods;
			sourceTree = "<group>";
		};
		B43624F6BF6E3C2F2E4B3198 /* Frameworks */ = {
			isa = PBXGroup;
			children = (
				AE08073AA3D12F1B5BD0A772 /* Pods_inventorybox_iOS.framework */,
			);
			name = Frameworks;
			sourceTree = "<group>";
		};
		D484179F24AC55EB0064EE64 = {
			isa = PBXGroup;
			children = (
				D48417AA24AC55EB0064EE64 /* inventorybox_iOS */,
				D48417A924AC55EB0064EE64 /* Products */,
				4426A8487749DF3A2003ABA2 /* Pods */,
				B43624F6BF6E3C2F2E4B3198 /* Frameworks */,
				0E66A4B724B4447C00E76683 /* Recovered References */,
			);
			sourceTree = "<group>";
		};
		D48417A924AC55EB0064EE64 /* Products */ = {
			isa = PBXGroup;
			children = (
				D48417A824AC55EB0064EE64 /* inventorybox_iOS.app */,
			);
			name = Products;
			sourceTree = "<group>";
		};
		D48417AA24AC55EB0064EE64 /* inventorybox_iOS */ = {
			isa = PBXGroup;
			children = (
				D48417BF24AC56460064EE64 /* Resources */,
				D48417C224AC56840064EE64 /* Sources */,
				D48417B924AC55EC0064EE64 /* Info.plist */,
			);
			path = inventorybox_iOS;
			sourceTree = "<group>";
		};
		D48417BF24AC56460064EE64 /* Resources */ = {
			isa = PBXGroup;
			children = (
				D48417AB24AC55EB0064EE64 /* AppDelegate.swift */,
				D48417AD24AC55EB0064EE64 /* SceneDelegate.swift */,
				D48417B424AC55EC0064EE64 /* Assets.xcassets */,
				D48417C124AC56780064EE64 /* APIServices */,
				D48417C024AC565D0064EE64 /* Storyboards */,
			);
			path = Resources;
			sourceTree = "<group>";
		};
		D48417C024AC565D0064EE64 /* Storyboards */ = {
			isa = PBXGroup;
			children = (
				D40D75CF24B323F500534230 /* IvRecordCategoryEdit.storyboard */,
				D40D75D124B3244200534230 /* IvRecordAddProduct.storyboard */,
				D48417B124AC55EB0064EE64 /* Main.storyboard */,
				D4C4446E24AD9B2800CCF1C7 /* IvRecord.storyboard */,
				D4B697BA24B3C4E7004DA305 /* IvTodayRecord.storyboard */,
				D48417B624AC55EC0064EE64 /* LaunchScreen.storyboard */,
				33D946EC24AC607400B6AF18 /* IvGraph.storyboard */,
				0EB0CF8B24B32647009B089A /* Homes.storyboard */,
			);
			path = Storyboards;
			sourceTree = "<group>";
		};
		D48417C124AC56780064EE64 /* APIServices */ = {
			isa = PBXGroup;
			children = (
			);
			path = APIServices;
			sourceTree = "<group>";
		};
		D48417C224AC56840064EE64 /* Sources */ = {
			isa = PBXGroup;
			children = (
				D48417C324AC568A0064EE64 /* VCs */,
				D48417C524AC56920064EE64 /* Models */,
				D48417C424AC568E0064EE64 /* Cells */,
				D48417C624AC56970064EE64 /* Designs */,
			);
			path = Sources;
			sourceTree = "<group>";
		};
		D48417C324AC568A0064EE64 /* VCs */ = {
			isa = PBXGroup;
			children = (
				D4B697BC24B3C546004DA305 /* IvTodayRecordVC.swift */,
				D4417A9924B350E4003E72EC /* IvRecordCategoryEditVC.swift */,
				D4535A3624B2F78B000A67EF /* TabBarVC.swift */,
				D48417AF24AC55EB0064EE64 /* ViewController.swift */,
				D46236C524ADBC950005A277 /* IvRecordVC.swift */,
				0EB0CF3024B0FC09009B089A /* HomeVC.swift */,
				3357D7A224B2CC2F002FF1EF /* IvGraphVC.swift */,
			);
			path = VCs;
			sourceTree = "<group>";
		};
		D48417C424AC568E0064EE64 /* Cells */ = {
			isa = PBXGroup;
			children = (
				D4B697BE24B3C566004DA305 /* InventoryTodayRecordCell.swift */,
				D4260EFB24B17AB500CAA41B /* HeaderCell.swift */,
				D4260EF524B1744100CAA41B /* InventoryCell.swift */,

				D4417A9B24B35C72003E72EC /* InventoryCategoryEditCell.swift */,
				0EB0CF7824B1D40F009B089A /* HomeCell */,
			);
			path = Cells;
			sourceTree = "<group>";
		};
		D48417C524AC56920064EE64 /* Models */ = {
			isa = PBXGroup;
			children = (
				D4E7A3F124B45070001C015A /* InventoryInformation.swift */,
				0EB0CF8F24B35C93009B089A /* orderCheckTVCInfo.swift */,
				0EB0CF9524B38697009B089A /* orderCheckCVCInfo.swift */,
			);
			path = Models;
			sourceTree = "<group>";
		};
		D48417C624AC56970064EE64 /* Designs */ = {
			isa = PBXGroup;
			children = (
				D4B697B824B37E94004DA305 /* TTGTextTagCollectionViewExtension.swift */,
				0EB0CF4224B19FA8009B089A /* Fonts */,
				D410992924B07879007CAAB9 /* CustomTextField.swift */,
				D410992B24B08375007CAAB9 /* UIColorExtension.swift */,
			);
			path = Designs;
			sourceTree = "<group>";
		};
/* End PBXGroup section */

/* Begin PBXNativeTarget section */
		D48417A724AC55EB0064EE64 /* inventorybox_iOS */ = {
			isa = PBXNativeTarget;
			buildConfigurationList = D48417BC24AC55EC0064EE64 /* Build configuration list for PBXNativeTarget "inventorybox_iOS" */;
			buildPhases = (
				42004675835A41669558C0BD /* [CP] Check Pods Manifest.lock */,
				D48417A424AC55EB0064EE64 /* Sources */,
				D48417A524AC55EB0064EE64 /* Frameworks */,
				D48417A624AC55EB0064EE64 /* Resources */,
				FDDB2D6DB24360CAD6746B52 /* [CP] Embed Pods Frameworks */,
			);
			buildRules = (
			);
			dependencies = (
			);
			name = inventorybox_iOS;
			productName = inventorybox_iOS;
			productReference = D48417A824AC55EB0064EE64 /* inventorybox_iOS.app */;
			productType = "com.apple.product-type.application";
		};
/* End PBXNativeTarget section */

/* Begin PBXProject section */
		D48417A024AC55EB0064EE64 /* Project object */ = {
			isa = PBXProject;
			attributes = {
				LastSwiftUpdateCheck = 1150;
				LastUpgradeCheck = 1150;
				ORGANIZATIONNAME = "jaeyong Lee";
				TargetAttributes = {
					D48417A724AC55EB0064EE64 = {
						CreatedOnToolsVersion = 11.5;
					};
				};
			};
			buildConfigurationList = D48417A324AC55EB0064EE64 /* Build configuration list for PBXProject "inventorybox_iOS" */;
			compatibilityVersion = "Xcode 9.3";
			developmentRegion = en;
			hasScannedForEncodings = 0;
			knownRegions = (
				en,
				Base,
			);
			mainGroup = D484179F24AC55EB0064EE64;
			productRefGroup = D48417A924AC55EB0064EE64 /* Products */;
			projectDirPath = "";
			projectRoot = "";
			targets = (
				D48417A724AC55EB0064EE64 /* inventorybox_iOS */,
			);
		};
/* End PBXProject section */

/* Begin PBXResourcesBuildPhase section */
		D48417A624AC55EB0064EE64 /* Resources */ = {
			isa = PBXResourcesBuildPhase;
			buildActionMask = 2147483647;
			files = (
				D4E7A3F824B452A0001C015A /* Homes.storyboard in Resources */,
				D48417B824AC55EC0064EE64 /* LaunchScreen.storyboard in Resources */,

				D4C4446F24AD9B2800CCF1C7 /* IvRecord.storyboard in Resources */,


				D4C4446F24AD9B2800CCF1C7 /* IvRecord.storyboard in Resources */,
				D48417B524AC55EC0064EE64 /* Assets.xcassets in Resources */,
				D40D75D224B3244200534230 /* IvRecordAddProduct.storyboard in Resources */,
				D4B697BB24B3C4E7004DA305 /* IvTodayRecord.storyboard in Resources */,
				33D946ED24AC607400B6AF18 /* IvGraph.storyboard in Resources */,
				D40D75D024B323F500534230 /* IvRecordCategoryEdit.storyboard in Resources */,
				D48417B324AC55EB0064EE64 /* Main.storyboard in Resources */,
			);
			runOnlyForDeploymentPostprocessing = 0;
		};
/* End PBXResourcesBuildPhase section */

/* Begin PBXShellScriptBuildPhase section */
		42004675835A41669558C0BD /* [CP] Check Pods Manifest.lock */ = {
			isa = PBXShellScriptBuildPhase;
			buildActionMask = 2147483647;
			files = (
			);
			inputFileListPaths = (
			);
			inputPaths = (
				"${PODS_PODFILE_DIR_PATH}/Podfile.lock",
				"${PODS_ROOT}/Manifest.lock",
			);
			name = "[CP] Check Pods Manifest.lock";
			outputFileListPaths = (
			);
			outputPaths = (
				"$(DERIVED_FILE_DIR)/Pods-inventorybox_iOS-checkManifestLockResult.txt",
			);
			runOnlyForDeploymentPostprocessing = 0;
			shellPath = /bin/sh;
			shellScript = "diff \"${PODS_PODFILE_DIR_PATH}/Podfile.lock\" \"${PODS_ROOT}/Manifest.lock\" > /dev/null\nif [ $? != 0 ] ; then\n    # print error to STDERR\n    echo \"error: The sandbox is not in sync with the Podfile.lock. Run 'pod install' or update your CocoaPods installation.\" >&2\n    exit 1\nfi\n# This output is used by Xcode 'outputs' to avoid re-running this script phase.\necho \"SUCCESS\" > \"${SCRIPT_OUTPUT_FILE_0}\"\n";
			showEnvVarsInLog = 0;
		};
		FDDB2D6DB24360CAD6746B52 /* [CP] Embed Pods Frameworks */ = {
			isa = PBXShellScriptBuildPhase;
			buildActionMask = 2147483647;
			files = (
			);
			inputFileListPaths = (
				"${PODS_ROOT}/Target Support Files/Pods-inventorybox_iOS/Pods-inventorybox_iOS-frameworks-${CONFIGURATION}-input-files.xcfilelist",
			);
			name = "[CP] Embed Pods Frameworks";
			outputFileListPaths = (
				"${PODS_ROOT}/Target Support Files/Pods-inventorybox_iOS/Pods-inventorybox_iOS-frameworks-${CONFIGURATION}-output-files.xcfilelist",
			);
			runOnlyForDeploymentPostprocessing = 0;
			shellPath = /bin/sh;
			shellScript = "\"${PODS_ROOT}/Target Support Files/Pods-inventorybox_iOS/Pods-inventorybox_iOS-frameworks.sh\"\n";
			showEnvVarsInLog = 0;
		};
/* End PBXShellScriptBuildPhase section */

/* Begin PBXSourcesBuildPhase section */
		D48417A424AC55EB0064EE64 /* Sources */ = {
			isa = PBXSourcesBuildPhase;
			buildActionMask = 2147483647;
			files = (
				D4E7A3F724B450F0001C015A /* LeftCVCell.swift in Sources */,
				D4E7A3F624B450ED001C015A /* HomeTVCell.swift in Sources */,
				D4E7A3F524B450E8001C015A /* HeaderCell.swift in Sources */,
				D4E7A3F424B450CB001C015A /* orderCheckCVCInfo.swift in Sources */,
				D4E7A3F324B450C8001C015A /* orderCheckTVCInfo.swift in Sources */,
				D48417B024AC55EB0064EE64 /* ViewController.swift in Sources */,

				D4E7A3F224B45070001C015A /* InventoryInformation.swift in Sources */,
				0EB0CF3124B0FC09009B089A /* HomeVC.swift in Sources */,
				D4B697BD24B3C546004DA305 /* IvTodayRecordVC.swift in Sources */,
				D410992C24B08375007CAAB9 /* UIColorExtension.swift in Sources */,
				D410992A24B07879007CAAB9 /* CustomTextField.swift in Sources */,
				D48417AC24AC55EB0064EE64 /* AppDelegate.swift in Sources */,
				0EB0CF9424B383A2009B089A /* RightCVCell.swift in Sources */,
				D46236C624ADBC950005A277 /* IvRecordVC.swift in Sources */,

				D4260EFA24B175BE00CAA41B /* InventoryInformation.swift in Sources */,
				3357D7B124B39D34002FF1EF /* ItemInformation.swift in Sources */,
				3357D7A824B3251F002FF1EF /* CalendarCVCell.swift in Sources */,
				D48417AE24AC55EB0064EE64 /* SceneDelegate.swift in Sources */,
				D4260EF624B1744100CAA41B /* InventoryCell.swift in Sources */,
				3357D7AF24B39A96002FF1EF /* IvGraphTVCell.swift in Sources */,
				D4260F3E24B19F4D00CAA41B /* CategoryCell.swift in Sources */,
				0EB0CF4124B199F0009B089A /* Font.swift in Sources */,
				3357D7AA24B36089002FF1EF /* DayInformation.swift in Sources */,

				D4417A9C24B35C72003E72EC /* InventoryCategoryEditCell.swift in Sources */,
				D4B697B924B37E94004DA305 /* TTGTextTagCollectionViewExtension.swift in Sources */,
				D48417AE24AC55EB0064EE64 /* SceneDelegate.swift in Sources */,
				D4260EF624B1744100CAA41B /* InventoryCell.swift in Sources */,
				0EB0CF4124B199F0009B089A /* Font.swift in Sources */,
				D4535A3724B2F78B000A67EF /* TabBarVC.swift in Sources */,
				D4417A9A24B350E4003E72EC /* IvRecordCategoryEditVC.swift in Sources */,
				D4B697BF24B3C566004DA305 /* InventoryTodayRecordCell.swift in Sources */,
			);
			runOnlyForDeploymentPostprocessing = 0;
		};
/* End PBXSourcesBuildPhase section */

/* Begin PBXVariantGroup section */
		D48417B124AC55EB0064EE64 /* Main.storyboard */ = {
			isa = PBXVariantGroup;
			children = (
				D48417B224AC55EB0064EE64 /* Base */,
			);
			name = Main.storyboard;
			sourceTree = "<group>";
		};
		D48417B624AC55EC0064EE64 /* LaunchScreen.storyboard */ = {
			isa = PBXVariantGroup;
			children = (
				D48417B724AC55EC0064EE64 /* Base */,
			);
			name = LaunchScreen.storyboard;
			sourceTree = "<group>";
		};
/* End PBXVariantGroup section */

/* Begin XCBuildConfiguration section */
		D48417BA24AC55EC0064EE64 /* Debug */ = {
			isa = XCBuildConfiguration;
			buildSettings = {
				ALWAYS_SEARCH_USER_PATHS = NO;
				CLANG_ANALYZER_NONNULL = YES;
				CLANG_ANALYZER_NUMBER_OBJECT_CONVERSION = YES_AGGRESSIVE;
				CLANG_CXX_LANGUAGE_STANDARD = "gnu++14";
				CLANG_CXX_LIBRARY = "libc++";
				CLANG_ENABLE_MODULES = YES;
				CLANG_ENABLE_OBJC_ARC = YES;
				CLANG_ENABLE_OBJC_WEAK = YES;
				CLANG_WARN_BLOCK_CAPTURE_AUTORELEASING = YES;
				CLANG_WARN_BOOL_CONVERSION = YES;
				CLANG_WARN_COMMA = YES;
				CLANG_WARN_CONSTANT_CONVERSION = YES;
				CLANG_WARN_DEPRECATED_OBJC_IMPLEMENTATIONS = YES;
				CLANG_WARN_DIRECT_OBJC_ISA_USAGE = YES_ERROR;
				CLANG_WARN_DOCUMENTATION_COMMENTS = YES;
				CLANG_WARN_EMPTY_BODY = YES;
				CLANG_WARN_ENUM_CONVERSION = YES;
				CLANG_WARN_INFINITE_RECURSION = YES;
				CLANG_WARN_INT_CONVERSION = YES;
				CLANG_WARN_NON_LITERAL_NULL_CONVERSION = YES;
				CLANG_WARN_OBJC_IMPLICIT_RETAIN_SELF = YES;
				CLANG_WARN_OBJC_LITERAL_CONVERSION = YES;
				CLANG_WARN_OBJC_ROOT_CLASS = YES_ERROR;
				CLANG_WARN_RANGE_LOOP_ANALYSIS = YES;
				CLANG_WARN_STRICT_PROTOTYPES = YES;
				CLANG_WARN_SUSPICIOUS_MOVE = YES;
				CLANG_WARN_UNGUARDED_AVAILABILITY = YES_AGGRESSIVE;
				CLANG_WARN_UNREACHABLE_CODE = YES;
				CLANG_WARN__DUPLICATE_METHOD_MATCH = YES;
				COPY_PHASE_STRIP = NO;
				DEBUG_INFORMATION_FORMAT = dwarf;
				ENABLE_STRICT_OBJC_MSGSEND = YES;
				ENABLE_TESTABILITY = YES;
				GCC_C_LANGUAGE_STANDARD = gnu11;
				GCC_DYNAMIC_NO_PIC = NO;
				GCC_NO_COMMON_BLOCKS = YES;
				GCC_OPTIMIZATION_LEVEL = 0;
				GCC_PREPROCESSOR_DEFINITIONS = (
					"DEBUG=1",
					"$(inherited)",
				);
				GCC_WARN_64_TO_32_BIT_CONVERSION = YES;
				GCC_WARN_ABOUT_RETURN_TYPE = YES_ERROR;
				GCC_WARN_UNDECLARED_SELECTOR = YES;
				GCC_WARN_UNINITIALIZED_AUTOS = YES_AGGRESSIVE;
				GCC_WARN_UNUSED_FUNCTION = YES;
				GCC_WARN_UNUSED_VARIABLE = YES;
				IPHONEOS_DEPLOYMENT_TARGET = 13.5;
				MTL_ENABLE_DEBUG_INFO = INCLUDE_SOURCE;
				MTL_FAST_MATH = YES;
				ONLY_ACTIVE_ARCH = YES;
				SDKROOT = iphoneos;
				SWIFT_ACTIVE_COMPILATION_CONDITIONS = DEBUG;
				SWIFT_OPTIMIZATION_LEVEL = "-Onone";
			};
			name = Debug;
		};
		D48417BB24AC55EC0064EE64 /* Release */ = {
			isa = XCBuildConfiguration;
			buildSettings = {
				ALWAYS_SEARCH_USER_PATHS = NO;
				CLANG_ANALYZER_NONNULL = YES;
				CLANG_ANALYZER_NUMBER_OBJECT_CONVERSION = YES_AGGRESSIVE;
				CLANG_CXX_LANGUAGE_STANDARD = "gnu++14";
				CLANG_CXX_LIBRARY = "libc++";
				CLANG_ENABLE_MODULES = YES;
				CLANG_ENABLE_OBJC_ARC = YES;
				CLANG_ENABLE_OBJC_WEAK = YES;
				CLANG_WARN_BLOCK_CAPTURE_AUTORELEASING = YES;
				CLANG_WARN_BOOL_CONVERSION = YES;
				CLANG_WARN_COMMA = YES;
				CLANG_WARN_CONSTANT_CONVERSION = YES;
				CLANG_WARN_DEPRECATED_OBJC_IMPLEMENTATIONS = YES;
				CLANG_WARN_DIRECT_OBJC_ISA_USAGE = YES_ERROR;
				CLANG_WARN_DOCUMENTATION_COMMENTS = YES;
				CLANG_WARN_EMPTY_BODY = YES;
				CLANG_WARN_ENUM_CONVERSION = YES;
				CLANG_WARN_INFINITE_RECURSION = YES;
				CLANG_WARN_INT_CONVERSION = YES;
				CLANG_WARN_NON_LITERAL_NULL_CONVERSION = YES;
				CLANG_WARN_OBJC_IMPLICIT_RETAIN_SELF = YES;
				CLANG_WARN_OBJC_LITERAL_CONVERSION = YES;
				CLANG_WARN_OBJC_ROOT_CLASS = YES_ERROR;
				CLANG_WARN_RANGE_LOOP_ANALYSIS = YES;
				CLANG_WARN_STRICT_PROTOTYPES = YES;
				CLANG_WARN_SUSPICIOUS_MOVE = YES;
				CLANG_WARN_UNGUARDED_AVAILABILITY = YES_AGGRESSIVE;
				CLANG_WARN_UNREACHABLE_CODE = YES;
				CLANG_WARN__DUPLICATE_METHOD_MATCH = YES;
				COPY_PHASE_STRIP = NO;
				DEBUG_INFORMATION_FORMAT = "dwarf-with-dsym";
				ENABLE_NS_ASSERTIONS = NO;
				ENABLE_STRICT_OBJC_MSGSEND = YES;
				GCC_C_LANGUAGE_STANDARD = gnu11;
				GCC_NO_COMMON_BLOCKS = YES;
				GCC_WARN_64_TO_32_BIT_CONVERSION = YES;
				GCC_WARN_ABOUT_RETURN_TYPE = YES_ERROR;
				GCC_WARN_UNDECLARED_SELECTOR = YES;
				GCC_WARN_UNINITIALIZED_AUTOS = YES_AGGRESSIVE;
				GCC_WARN_UNUSED_FUNCTION = YES;
				GCC_WARN_UNUSED_VARIABLE = YES;
				IPHONEOS_DEPLOYMENT_TARGET = 13.5;
				MTL_ENABLE_DEBUG_INFO = NO;
				MTL_FAST_MATH = YES;
				SDKROOT = iphoneos;
				SWIFT_COMPILATION_MODE = wholemodule;
				SWIFT_OPTIMIZATION_LEVEL = "-O";
				VALIDATE_PRODUCT = YES;
			};
			name = Release;
		};
		D48417BD24AC55EC0064EE64 /* Debug */ = {
			isa = XCBuildConfiguration;
			baseConfigurationReference = A2BBD430802410DD2BDC2011 /* Pods-inventorybox_iOS.debug.xcconfig */;
			buildSettings = {
				ASSETCATALOG_COMPILER_APPICON_NAME = AppIcon;
				CODE_SIGN_STYLE = Automatic;
				DEVELOPMENT_TEAM = TZVHD77BLL;
				INFOPLIST_FILE = inventorybox_iOS/Info.plist;
				LD_RUNPATH_SEARCH_PATHS = (
					"$(inherited)",
					"@executable_path/Frameworks",
				);
				PRODUCT_BUNDLE_IDENTIFIER = "com.jaeyong.inventorybox-iOS";
				PRODUCT_NAME = "$(TARGET_NAME)";
				SWIFT_VERSION = 5.0;
				TARGETED_DEVICE_FAMILY = "1,2";
			};
			name = Debug;
		};
		D48417BE24AC55EC0064EE64 /* Release */ = {
			isa = XCBuildConfiguration;
			baseConfigurationReference = 259D942EF3AD67CA14551AA6 /* Pods-inventorybox_iOS.release.xcconfig */;
			buildSettings = {
				ASSETCATALOG_COMPILER_APPICON_NAME = AppIcon;
				CODE_SIGN_STYLE = Automatic;
				DEVELOPMENT_TEAM = TZVHD77BLL;
				INFOPLIST_FILE = inventorybox_iOS/Info.plist;
				LD_RUNPATH_SEARCH_PATHS = (
					"$(inherited)",
					"@executable_path/Frameworks",
				);
				PRODUCT_BUNDLE_IDENTIFIER = "com.jaeyong.inventorybox-iOS";
				PRODUCT_NAME = "$(TARGET_NAME)";
				SWIFT_VERSION = 5.0;
				TARGETED_DEVICE_FAMILY = "1,2";
			};
			name = Release;
		};
/* End XCBuildConfiguration section */

/* Begin XCConfigurationList section */
		D48417A324AC55EB0064EE64 /* Build configuration list for PBXProject "inventorybox_iOS" */ = {
			isa = XCConfigurationList;
			buildConfigurations = (
				D48417BA24AC55EC0064EE64 /* Debug */,
				D48417BB24AC55EC0064EE64 /* Release */,
			);
			defaultConfigurationIsVisible = 0;
			defaultConfigurationName = Release;
		};
		D48417BC24AC55EC0064EE64 /* Build configuration list for PBXNativeTarget "inventorybox_iOS" */ = {
			isa = XCConfigurationList;
			buildConfigurations = (
				D48417BD24AC55EC0064EE64 /* Debug */,
				D48417BE24AC55EC0064EE64 /* Release */,
			);
			defaultConfigurationIsVisible = 0;
			defaultConfigurationName = Release;
		};
/* End XCConfigurationList section */
	};
	rootObject = D48417A024AC55EB0064EE64 /* Project object */;
}
